
Microsoft Visual Studio Solution File, Format Version 12.00
# Visual Studio Version 17
VisualStudioVersion = 17.2.32519.379
MinimumVisualStudioVersion = 10.0.40219.1
Project("{9A19103F-16F7-4668-BE54-9A1E7A4F7556}") = "ShapesApp", "Shapes\ShapesApp.csproj", "{CC432C1B-4573-4839-A4A6-263EA3959A51}"
EndProject
Project("{9A19103F-16F7-4668-BE54-9A1E7A4F7556}") = "ShapesLibrary", "ShapesLibrary\ShapesLibrary.csproj", "{9B633C85-3AF1-4934-B943-8530C01168A9}"
EndProject
Project("{9A19103F-16F7-4668-BE54-9A1E7A4F7556}") = "UnitTests", "UnitTests\UnitTests.csproj", "{11387B92-1560-4B19-BF34-0E5504E9ED5B}"
EndProject
Global
	GlobalSection(SolutionConfigurationPlatforms) = preSolution
		Debug|Any CPU = Debug|Any CPU
		Release|Any CPU = Release|Any CPU
	EndGlobalSection
	GlobalSection(ProjectConfigurationPlatforms) = postSolution
		{CC432C1B-4573-4839-A4A6-263EA3959A51}.Debug|Any CPU.ActiveCfg = Debug|Any CPU
		{CC432C1B-4573-4839-A4A6-263EA3959A51}.Debug|Any CPU.Build.0 = Debug|Any CPU
		{CC432C1B-4573-4839-A4A6-263EA3959A51}.Release|Any CPU.ActiveCfg = Release|Any CPU
		{CC432C1B-4573-4839-A4A6-263EA3959A51}.Release|Any CPU.Build.0 = Release|Any CPU
		{9B633C85-3AF1-4934-B943-8530C01168A9}.Debug|Any CPU.ActiveCfg = Debug|Any CPU
		{9B633C85-3AF1-4934-B943-8530C01168A9}.Debug|Any CPU.Build.0 = Debug|Any CPU
		{9B633C85-3AF1-4934-B943-8530C01168A9}.Release|Any CPU.ActiveCfg = Release|Any CPU
		{9B633C85-3AF1-4934-B943-8530C01168A9}.Release|Any CPU.Build.0 = Release|Any CPU
		{11387B92-1560-4B19-BF34-0E5504E9ED5B}.Debug|Any CPU.ActiveCfg = Debug|Any CPU
		{11387B92-1560-4B19-BF34-0E5504E9ED5B}.Debug|Any CPU.Build.0 = Debug|Any CPU
		{11387B92-1560-4B19-BF34-0E5504E9ED5B}.Release|Any CPU.ActiveCfg = Release|Any CPU
		{11387B92-1560-4B19-BF34-0E5504E9ED5B}.Release|Any CPU.Build.0 = Release|Any CPU
	EndGlobalSection
	GlobalSection(SolutionProperties) = preSolution
		HideSolutionNode = FALSE
	EndGlobalSection
	GlobalSection(ExtensibilityGlobals) = postSolution
		SolutionGuid = {C044B0F6-7C0C-4D29-AC41-5F555475049A}
	EndGlobalSection
EndGlobal
